
Microsoft Visual Studio Solution File, Format Version 12.00
# Visual Studio Version 16
VisualStudioVersion = 16.0.31205.134
MinimumVisualStudioVersion = 10.0.40219.1
Project("{FAE04EC0-301F-11D3-BF4B-00C04F79EFBC}") = "PlatformGame", "PlatformGame\PlatformGame.csproj", "{4949793C-AA35-4C07-B1D6-E51060DA458D}"
EndProject
Global
	GlobalSection(SolutionConfigurationPlatforms) = preSolution
		Debug|Any CPU = Debug|Any CPU
		Release|Any CPU = Release|Any CPU
	EndGlobalSection
	GlobalSection(ProjectConfigurationPlatforms) = postSolution
		{4949793C-AA35-4C07-B1D6-E51060DA458D}.Debug|Any CPU.ActiveCfg = Debug|Any CPU
		{4949793C-AA35-4C07-B1D6-E51060DA458D}.Debug|Any CPU.Build.0 = Debug|Any CPU
		{4949793C-AA35-4C07-B1D6-E51060DA458D}.Release|Any CPU.ActiveCfg = Release|Any CPU
		{4949793C-AA35-4C07-B1D6-E51060DA458D}.Release|Any CPU.Build.0 = Release|Any CPU
	EndGlobalSection
	GlobalSection(SolutionProperties) = preSolution
		HideSolutionNode = FALSE
	EndGlobalSection
	GlobalSection(ExtensibilityGlobals) = postSolution
		SolutionGuid = {592D890E-F6A7-4A8C-952A-4941C94FB011}
	EndGlobalSection
EndGlobal
